PODS:
  - FBAEMKit (16.0.1):
    - FBSDKCoreKit_Basics (= 16.0.1)
  - FBSDKCoreKit (16.0.1):
    - FBAEMKit (= 16.0.1)
    - FBSDKCoreKit_Basics (= 16.0.1)
  - FBSDKCoreKit_Basics (16.0.1)
  - FBSnapshotTestCase (2.1.4):
    - FBSnapshotTestCase/SwiftSupport (= 2.1.4)
  - FBSnapshotTestCase/Core (2.1.4)
  - FBSnapshotTestCase/SwiftSupport (2.1.4):
    - FBSnapshotTestCase/Core
  - Rudder (1.14.0)
  - Rudder-Facebook (2.1.0):
    - FBSDKCoreKit (~> 16.0.1)
    - Rudder (~> 1.12)

DEPENDENCIES:
  - FBSnapshotTestCase
  - Rudder-Facebook (from `../`)

SPEC REPOS:
  trunk:
    - FBAEMKit
    - FBSDKCoreKit
    - FBSDKCoreKit_Basics
    - FBSnapshotTestCase
    - Rudder

EXTERNAL SOURCES:
  Rudder-Facebook:
    :path: "../"

SPEC CHECKSUMS:
  FBAEMKit: daac7466b918752f020345be5c7d9787f98cfc07
  FBSDKCoreKit: 2cb033464b2134af0138f87d20b859eb3f9be359
  FBSDKCoreKit_Basics: d37280da2e65872f0e931d15f45d97ea324fec37
  FBSnapshotTestCase: 094f9f314decbabe373b87cc339bea235a63e07a
  Rudder: 41523d90e7f8040605ca6a803f662a538144c90f
  Rudder-Facebook: 0f1d705d7d35a2ea9fe50a279972c2c41bb9bd52

PODFILE CHECKSUM: 7bc5675f1c4b3d6df991eedd0fb3fdaaac414a26

COCOAPODS: 1.12.0
